
Microsoft Visual Studio Solution File, Format Version 12.00
# Visual Studio Version 17
VisualStudioVersion = 17.8.34322.80
MinimumVisualStudioVersion = 10.0.40219.1
Project("{F184B08F-C81C-45F6-A57F-5ABD9991F28F}") = "4.Intro To VB", "4.Intro To VB.vbproj", "{B114D431-B12A-4458-8B41-B079AD675782}"
EndProject
Global
	GlobalSection(SolutionConfigurationPlatforms) = preSolution
		Debug|Any CPU = Debug|Any CPU
		Release|Any CPU = Release|Any CPU
	EndGlobalSection
	GlobalSection(ProjectConfigurationPlatforms) = postSolution
		{B114D431-B12A-4458-8B41-B079AD675782}.Debug|Any CPU.ActiveCfg = Debug|Any CPU
		{B114D431-B12A-4458-8B41-B079AD675782}.Debug|Any CPU.Build.0 = Debug|Any CPU
		{B114D431-B12A-4458-8B41-B079AD675782}.Release|Any CPU.ActiveCfg = Release|Any CPU
		{B114D431-B12A-4458-8B41-B079AD675782}.Release|Any CPU.Build.0 = Release|Any CPU
	EndGlobalSection
	GlobalSection(SolutionProperties) = preSolution
		HideSolutionNode = FALSE
	EndGlobalSection
	GlobalSection(ExtensibilityGlobals) = postSolution
		SolutionGuid = {FF63F8F7-443A-4EAA-AD4B-EAF3836E6479}
	EndGlobalSection
EndGlobal
